
Microsoft Visual Studio Solution File, Format Version 12.00
# Visual Studio Version 16
VisualStudioVersion = 16.0.30114.105
MinimumVisualStudioVersion = 10.0.40219.1
Project("{2150E333-8FDC-42A3-9474-1A3956D46DE8}") = "src", "src", "{E7DC2531-0E20-4B12-B343-9CF6FDD23E24}"
EndProject
Project("{FAE04EC0-301F-11D3-BF4B-00C04F79EFBC}") = "GestioneSagre.BaseLibrary", "src\GestioneSagre.BaseLibrary\GestioneSagre.BaseLibrary.csproj", "{5B8E0CDA-EF3F-44C1-84B2-E2349A775636}"
EndProject
Global
	GlobalSection(SolutionConfigurationPlatforms) = preSolution
		Debug|Any CPU = Debug|Any CPU
		Release|Any CPU = Release|Any CPU
	EndGlobalSection
	GlobalSection(SolutionProperties) = preSolution
		HideSolutionNode = FALSE
	EndGlobalSection
	GlobalSection(ProjectConfigurationPlatforms) = postSolution
		{5B8E0CDA-EF3F-44C1-84B2-E2349A775636}.Debug|Any CPU.ActiveCfg = Debug|Any CPU
		{5B8E0CDA-EF3F-44C1-84B2-E2349A775636}.Debug|Any CPU.Build.0 = Debug|Any CPU
		{5B8E0CDA-EF3F-44C1-84B2-E2349A775636}.Release|Any CPU.ActiveCfg = Release|Any CPU
		{5B8E0CDA-EF3F-44C1-84B2-E2349A775636}.Release|Any CPU.Build.0 = Release|Any CPU
	EndGlobalSection
	GlobalSection(NestedProjects) = preSolution
		{5B8E0CDA-EF3F-44C1-84B2-E2349A775636} = {E7DC2531-0E20-4B12-B343-9CF6FDD23E24}
	EndGlobalSection
EndGlobal
